
Microsoft Visual Studio Solution File, Format Version 12.00
# Visual Studio 15
VisualStudioVersion = 15.0.28010.2019
MinimumVisualStudioVersion = 10.0.40219.1
Project("{FAE04EC0-301F-11D3-BF4B-00C04F79EFBC}") = "VoidDaysServerLibrary", "VoidDaysServerLibrary\VoidDaysServerLibrary.csproj", "{F5E904F3-8557-4404-9AA3-AA49E3F26407}"
EndProject
Project("{FAE04EC0-301F-11D3-BF4B-00C04F79EFBC}") = "VoidDaysHost", "VoidDaysHost\VoidDaysHost.csproj", "{434097AB-C212-4F6A-B895-1593659B56B0}"
EndProject
Project("{FAE04EC0-301F-11D3-BF4B-00C04F79EFBC}") = "VoidDaysConsoleClient", "VoidDaysConsoleClient\VoidDaysConsoleClient.csproj", "{0074FBF7-5535-4442-9949-9549E2D1597C}"
	ProjectSection(ProjectDependencies) = postProject
		{F5E904F3-8557-4404-9AA3-AA49E3F26407} = {F5E904F3-8557-4404-9AA3-AA49E3F26407}
	EndProjectSection
EndProject
Global
	GlobalSection(SolutionConfigurationPlatforms) = preSolution
		Debug|Any CPU = Debug|Any CPU
		Release|Any CPU = Release|Any CPU
	EndGlobalSection
	GlobalSection(ProjectConfigurationPlatforms) = postSolution
		{F5E904F3-8557-4404-9AA3-AA49E3F26407}.Debug|Any CPU.ActiveCfg = Debug|Any CPU
		{F5E904F3-8557-4404-9AA3-AA49E3F26407}.Debug|Any CPU.Build.0 = Debug|Any CPU
		{F5E904F3-8557-4404-9AA3-AA49E3F26407}.Release|Any CPU.ActiveCfg = Release|Any CPU
		{F5E904F3-8557-4404-9AA3-AA49E3F26407}.Release|Any CPU.Build.0 = Release|Any CPU
		{434097AB-C212-4F6A-B895-1593659B56B0}.Debug|Any CPU.ActiveCfg = Debug|Any CPU
		{434097AB-C212-4F6A-B895-1593659B56B0}.Debug|Any CPU.Build.0 = Debug|Any CPU
		{434097AB-C212-4F6A-B895-1593659B56B0}.Release|Any CPU.ActiveCfg = Release|Any CPU
		{434097AB-C212-4F6A-B895-1593659B56B0}.Release|Any CPU.Build.0 = Release|Any CPU
		{0074FBF7-5535-4442-9949-9549E2D1597C}.Debug|Any CPU.ActiveCfg = Debug|Any CPU
		{0074FBF7-5535-4442-9949-9549E2D1597C}.Debug|Any CPU.Build.0 = Debug|Any CPU
		{0074FBF7-5535-4442-9949-9549E2D1597C}.Release|Any CPU.ActiveCfg = Release|Any CPU
		{0074FBF7-5535-4442-9949-9549E2D1597C}.Release|Any CPU.Build.0 = Release|Any CPU
	EndGlobalSection
	GlobalSection(SolutionProperties) = preSolution
		HideSolutionNode = FALSE
	EndGlobalSection
	GlobalSection(ExtensibilityGlobals) = postSolution
		SolutionGuid = {76D52F49-AEE7-4B57-95D1-8CA21CAAA233}
	EndGlobalSection
EndGlobal
